
Microsoft Visual Studio Solution File, Format Version 12.00
# Visual Studio Version 17
VisualStudioVersion = 17.0.31903.59
MinimumVisualStudioVersion = 10.0.40219.1
Project("{2150E333-8FDC-42A3-9474-1A3956D46DE8}") = "src", "src", "{827E0CD3-B72D-47B6-A68D-7590B98EB39B}"
EndProject
Project("{FAE04EC0-301F-11D3-BF4B-00C04F79EFBC}") = "TeamFlow.Core", "src\TeamFlow.Core\TeamFlow.Core.csproj", "{80E2192D-C51C-4DCE-BD1D-F04E18A4CBE2}"
EndProject
Project("{FAE04EC0-301F-11D3-BF4B-00C04F79EFBC}") = "TeamFlow.Api", "src\TeamFlow.Api\TeamFlow.Api.csproj", "{8ACBF72F-59A1-487F-81E9-ADFD26B713E4}"
EndProject
Project("{FAE04EC0-301F-11D3-BF4B-00C04F79EFBC}") = "TeamFlow.Infrastructure", "src\TeamFlow.Infrastructure\TeamFlow.Infrastructure.csproj", "{B9A1BA25-D548-4C5A-80CB-38192330F751}"
EndProject
Global
	GlobalSection(SolutionConfigurationPlatforms) = preSolution
		Debug|Any CPU = Debug|Any CPU
		Debug|x64 = Debug|x64
		Debug|x86 = Debug|x86
		Release|Any CPU = Release|Any CPU
		Release|x64 = Release|x64
		Release|x86 = Release|x86
	EndGlobalSection
	GlobalSection(ProjectConfigurationPlatforms) = postSolution
		{80E2192D-C51C-4DCE-BD1D-F04E18A4CBE2}.Debug|Any CPU.ActiveCfg = Debug|Any CPU
		{80E2192D-C51C-4DCE-BD1D-F04E18A4CBE2}.Debug|Any CPU.Build.0 = Debug|Any CPU
		{80E2192D-C51C-4DCE-BD1D-F04E18A4CBE2}.Debug|x64.ActiveCfg = Debug|Any CPU
		{80E2192D-C51C-4DCE-BD1D-F04E18A4CBE2}.Debug|x64.Build.0 = Debug|Any CPU
		{80E2192D-C51C-4DCE-BD1D-F04E18A4CBE2}.Debug|x86.ActiveCfg = Debug|Any CPU
		{80E2192D-C51C-4DCE-BD1D-F04E18A4CBE2}.Debug|x86.Build.0 = Debug|Any CPU
		{80E2192D-C51C-4DCE-BD1D-F04E18A4CBE2}.Release|Any CPU.ActiveCfg = Release|Any CPU
		{80E2192D-C51C-4DCE-BD1D-F04E18A4CBE2}.Release|Any CPU.Build.0 = Release|Any CPU
		{80E2192D-C51C-4DCE-BD1D-F04E18A4CBE2}.Release|x64.ActiveCfg = Release|Any CPU
		{80E2192D-C51C-4DCE-BD1D-F04E18A4CBE2}.Release|x64.Build.0 = Release|Any CPU
		{80E2192D-C51C-4DCE-BD1D-F04E18A4CBE2}.Release|x86.ActiveCfg = Release|Any CPU
		{80E2192D-C51C-4DCE-BD1D-F04E18A4CBE2}.Release|x86.Build.0 = Release|Any CPU
		{8ACBF72F-59A1-487F-81E9-ADFD26B713E4}.Debug|Any CPU.ActiveCfg = Debug|Any CPU
		{8ACBF72F-59A1-487F-81E9-ADFD26B713E4}.Debug|Any CPU.Build.0 = Debug|Any CPU
		{8ACBF72F-59A1-487F-81E9-ADFD26B713E4}.Debug|x64.ActiveCfg = Debug|Any CPU
		{8ACBF72F-59A1-487F-81E9-ADFD26B713E4}.Debug|x64.Build.0 = Debug|Any CPU
		{8ACBF72F-59A1-487F-81E9-ADFD26B713E4}.Debug|x86.ActiveCfg = Debug|Any CPU
		{8ACBF72F-59A1-487F-81E9-ADFD26B713E4}.Debug|x86.Build.0 = Debug|Any CPU
		{8ACBF72F-59A1-487F-81E9-ADFD26B713E4}.Release|Any CPU.ActiveCfg = Release|Any CPU
		{8ACBF72F-59A1-487F-81E9-ADFD26B713E4}.Release|Any CPU.Build.0 = Release|Any CPU
		{8ACBF72F-59A1-487F-81E9-ADFD26B713E4}.Release|x64.ActiveCfg = Release|Any CPU
		{8ACBF72F-59A1-487F-81E9-ADFD26B713E4}.Release|x64.Build.0 = Release|Any CPU
		{8ACBF72F-59A1-487F-81E9-ADFD26B713E4}.Release|x86.ActiveCfg = Release|Any CPU
		{8ACBF72F-59A1-487F-81E9-ADFD26B713E4}.Release|x86.Build.0 = Release|Any CPU
		{B9A1BA25-D548-4C5A-80CB-38192330F751}.Debug|Any CPU.ActiveCfg = Debug|Any CPU
		{B9A1BA25-D548-4C5A-80CB-38192330F751}.Debug|Any CPU.Build.0 = Debug|Any CPU
		{B9A1BA25-D548-4C5A-80CB-38192330F751}.Debug|x64.ActiveCfg = Debug|Any CPU
		{B9A1BA25-D548-4C5A-80CB-38192330F751}.Debug|x64.Build.0 = Debug|Any CPU
		{B9A1BA25-D548-4C5A-80CB-38192330F751}.Debug|x86.ActiveCfg = Debug|Any CPU
		{B9A1BA25-D548-4C5A-80CB-38192330F751}.Debug|x86.Build.0 = Debug|Any CPU
		{B9A1BA25-D548-4C5A-80CB-38192330F751}.Release|Any CPU.ActiveCfg = Release|Any CPU
		{B9A1BA25-D548-4C5A-80CB-38192330F751}.Release|Any CPU.Build.0 = Release|Any CPU
		{B9A1BA25-D548-4C5A-80CB-38192330F751}.Release|x64.ActiveCfg = Release|Any CPU
		{B9A1BA25-D548-4C5A-80CB-38192330F751}.Release|x64.Build.0 = Release|Any CPU
		{B9A1BA25-D548-4C5A-80CB-38192330F751}.Release|x86.ActiveCfg = Release|Any CPU
		{B9A1BA25-D548-4C5A-80CB-38192330F751}.Release|x86.Build.0 = Release|Any CPU
	EndGlobalSection
	GlobalSection(SolutionProperties) = preSolution
		HideSolutionNode = FALSE
	EndGlobalSection
	GlobalSection(NestedProjects) = preSolution
		{80E2192D-C51C-4DCE-BD1D-F04E18A4CBE2} = {827E0CD3-B72D-47B6-A68D-7590B98EB39B}
		{8ACBF72F-59A1-487F-81E9-ADFD26B713E4} = {827E0CD3-B72D-47B6-A68D-7590B98EB39B}
		{B9A1BA25-D548-4C5A-80CB-38192330F751} = {827E0CD3-B72D-47B6-A68D-7590B98EB39B}
	EndGlobalSection
EndGlobal
